// !$*UTF8*$!
{
	archiveVersion = 1;
	classes = {
	};
	objectVersion = 46;
	objects = {

/* Begin PBXBuildFile section */
		846DAAEA1F1545F20072A9F4 /* CryptoModel.swift in Sources */ = {isa = PBXBuildFile; fileRef = 846DAAE91F1545F20072A9F4 /* CryptoModel.swift */; };
		846DAAF01F16B98F0072A9F4 /* GoogleService-Info.plist in Resources */ = {isa = PBXBuildFile; fileRef = 846DAAEF1F16B98F0072A9F4 /* GoogleService-Info.plist */; };
		84CB3EF41F16D7C30009F457 /* UserLoginViewController.swift in Sources */ = {isa = PBXBuildFile; fileRef = 84CB3EF31F16D7C30009F457 /* UserLoginViewController.swift */; };
		84E121E81F14D25A003021B3 /* AppDelegate.swift in Sources */ = {isa = PBXBuildFile; fileRef = 84E121E71F14D25A003021B3 /* AppDelegate.swift */; };
		84E121EF1F14D25A003021B3 /* Main.storyboard in Resources */ = {isa = PBXBuildFile; fileRef = 84E121ED1F14D25A003021B3 /* Main.storyboard */; };
		84E121F11F14D25A003021B3 /* Assets.xcassets in Resources */ = {isa = PBXBuildFile; fileRef = 84E121F01F14D25A003021B3 /* Assets.xcassets */; };
		84E121F41F14D25A003021B3 /* LaunchScreen.storyboard in Resources */ = {isa = PBXBuildFile; fileRef = 84E121F21F14D25A003021B3 /* LaunchScreen.storyboard */; };
		84E121FC1F14D792003021B3 /* MyPortfolioOverviewTableViewController.swift in Sources */ = {isa = PBXBuildFile; fileRef = 84E121FB1F14D792003021B3 /* MyPortfolioOverviewTableViewController.swift */; };
		84E121FE1F14D7BF003021B3 /* CoinOverviewTableViewController.swift in Sources */ = {isa = PBXBuildFile; fileRef = 84E121FD1F14D7BF003021B3 /* CoinOverviewTableViewController.swift */; };
		84E122021F14FA36003021B3 /* CoinOverviewTableViewCell.swift in Sources */ = {isa = PBXBuildFile; fileRef = 84E122011F14FA36003021B3 /* CoinOverviewTableViewCell.swift */; };
		EA621FBF46757E2E591DA3AF /* Pods_CryptoTrackr.framework in Frameworks */ = {isa = PBXBuildFile; fileRef = 0712E27A2BFB3439CFE2BB59 /* Pods_CryptoTrackr.framework */; };
/* End PBXBuildFile section */

/* Begin PBXFileReference section */
		0712E27A2BFB3439CFE2BB59 /* Pods_CryptoTrackr.framework */ = {isa = PBXFileReference; explicitFileType = wrapper.framework; includeInIndex = 0; path = Pods_CryptoTrackr.framework; sourceTree = BUILT_PRODUCTS_DIR; };
		45FAEA49A4C6948058939FE9 /* Pods-CryptoTrackr.release.xcconfig */ = {isa = PBXFileReference; includeInIndex = 1; lastKnownFileType = text.xcconfig; name = "Pods-CryptoTrackr.release.xcconfig"; path = "Pods/Target Support Files/Pods-CryptoTrackr/Pods-CryptoTrackr.release.xcconfig"; sourceTree = "<group>"; };
		846DAAE91F1545F20072A9F4 /* CryptoModel.swift */ = {isa = PBXFileReference; fileEncoding = 4; lastKnownFileType = sourcecode.swift; path = CryptoModel.swift; sourceTree = "<group>"; };
		846DAAEF1F16B98F0072A9F4 /* GoogleService-Info.plist */ = {isa = PBXFileReference; fileEncoding = 4; lastKnownFileType = text.plist.xml; path = "GoogleService-Info.plist"; sourceTree = "<group>"; };
		84CB3EF31F16D7C30009F457 /* UserLoginViewController.swift */ = {isa = PBXFileReference; fileEncoding = 4; lastKnownFileType = sourcecode.swift; path = UserLoginViewController.swift; sourceTree = "<group>"; };
		84E121E41F14D25A003021B3 /* CryptoTrackr.app */ = {isa = PBXFileReference; explicitFileType = wrapper.application; includeInIndex = 0; path = CryptoTrackr.app; sourceTree = BUILT_PRODUCTS_DIR; };
		84E121E71F14D25A003021B3 /* AppDelegate.swift */ = {isa = PBXFileReference; lastKnownFileType = sourcecode.swift; path = AppDelegate.swift; sourceTree = "<group>"; };
		84E121EE1F14D25A003021B3 /* Base */ = {isa = PBXFileReference; lastKnownFileType = file.storyboard; name = Base; path = Base.lproj/Main.storyboard; sourceTree = "<group>"; };
		84E121F01F14D25A003021B3 /* Assets.xcassets */ = {isa = PBXFileReference; lastKnownFileType = folder.assetcatalog; path = Assets.xcassets; sourceTree = "<group>"; };
		84E121F31F14D25A003021B3 /* Base */ = {isa = PBXFileReference; lastKnownFileType = file.storyboard; name = Base; path = Base.lproj/LaunchScreen.storyboard; sourceTree = "<group>"; };
		84E121F51F14D25A003021B3 /* Info.plist */ = {isa = PBXFileReference; lastKnownFileType = text.plist.xml; path = Info.plist; sourceTree = "<group>"; };
		84E121FB1F14D792003021B3 /* MyPortfolioOverviewTableViewController.swift */ = {isa = PBXFileReference; fileEncoding = 4; lastKnownFileType = sourcecode.swift; path = MyPortfolioOverviewTableViewController.swift; sourceTree = "<group>"; };
		84E121FD1F14D7BF003021B3 /* CoinOverviewTableViewController.swift */ = {isa = PBXFileReference; fileEncoding = 4; lastKnownFileType = sourcecode.swift; path = CoinOverviewTableViewController.swift; sourceTree = "<group>"; };
		84E122011F14FA36003021B3 /* CoinOverviewTableViewCell.swift */ = {isa = PBXFileReference; fileEncoding = 4; lastKnownFileType = sourcecode.swift; path = CoinOverviewTableViewCell.swift; sourceTree = "<group>"; };
		E05DE874FF184D4C9A1F1170 /* Pods-CryptoTrackr.debug.xcconfig */ = {isa = PBXFileReference; includeInIndex = 1; lastKnownFileType = text.xcconfig; name = "Pods-CryptoTrackr.debug.xcconfig"; path = "Pods/Target Support Files/Pods-CryptoTrackr/Pods-CryptoTrackr.debug.xcconfig"; sourceTree = "<group>"; };
/* End PBXFileReference section */

/* Begin PBXFrameworksBuildPhase section */
		84E121E11F14D25A003021B3 /* Frameworks */ = {
			isa = PBXFrameworksBuildPhase;
			buildActionMask = 2147483647;
			files = (
				EA621FBF46757E2E591DA3AF /* Pods_CryptoTrackr.framework in Frameworks */,
			);
			runOnlyForDeploymentPostprocessing = 0;
		};
/* End PBXFrameworksBuildPhase section */

/* Begin PBXGroup section */
		00B550A58C64A3E78F23D8A3 /* Pods */ = {
			isa = PBXGroup;
			children = (
				E05DE874FF184D4C9A1F1170 /* Pods-CryptoTrackr.debug.xcconfig */,
				45FAEA49A4C6948058939FE9 /* Pods-CryptoTrackr.release.xcconfig */,
			);
			name = Pods;
			sourceTree = "<group>";
		};
		585B285DC58F159703D0A0ED /* Frameworks */ = {
			isa = PBXGroup;
			children = (
				0712E27A2BFB3439CFE2BB59 /* Pods_CryptoTrackr.framework */,
			);
			name = Frameworks;
			sourceTree = "<group>";
		};
		84E121DB1F14D25A003021B3 = {
			isa = PBXGroup;
			children = (
				84E121E61F14D25A003021B3 /* CryptoTrackr */,
				84E121E51F14D25A003021B3 /* Products */,
				00B550A58C64A3E78F23D8A3 /* Pods */,
				585B285DC58F159703D0A0ED /* Frameworks */,
			);
			sourceTree = "<group>";
		};
		84E121E51F14D25A003021B3 /* Products */ = {
			isa = PBXGroup;
			children = (
				84E121E41F14D25A003021B3 /* CryptoTrackr.app */,
			);
			name = Products;
			sourceTree = "<group>";
		};
		84E121E61F14D25A003021B3 /* CryptoTrackr */ = {
			isa = PBXGroup;
			children = (
				84E121E71F14D25A003021B3 /* AppDelegate.swift */,
				84E121ED1F14D25A003021B3 /* Main.storyboard */,
				84E122011F14FA36003021B3 /* CoinOverviewTableViewCell.swift */,
				84E121FD1F14D7BF003021B3 /* CoinOverviewTableViewController.swift */,
				84CB3EF31F16D7C30009F457 /* UserLoginViewController.swift */,
				846DAAE91F1545F20072A9F4 /* CryptoModel.swift */,
				84E121FB1F14D792003021B3 /* MyPortfolioOverviewTableViewController.swift */,
				84E121F01F14D25A003021B3 /* Assets.xcassets */,
				84E121F21F14D25A003021B3 /* LaunchScreen.storyboard */,
				846DAAEF1F16B98F0072A9F4 /* GoogleService-Info.plist */,
				84E121F51F14D25A003021B3 /* Info.plist */,
			);
			path = CryptoTrackr;
			sourceTree = "<group>";
		};
/* End PBXGroup section */

/* Begin PBXNativeTarget section */
		84E121E31F14D25A003021B3 /* CryptoTrackr */ = {
			isa = PBXNativeTarget;
			buildConfigurationList = 84E121F81F14D25A003021B3 /* Build configuration list for PBXNativeTarget "CryptoTrackr" */;
			buildPhases = (
				950636A360890C3DABCED932 /* [CP] Check Pods Manifest.lock */,
				84E121E01F14D25A003021B3 /* Sources */,
				84E121E11F14D25A003021B3 /* Frameworks */,
				84E121E21F14D25A003021B3 /* Resources */,
				EFDF537CB095EF0CDA384A60 /* [CP] Embed Pods Frameworks */,
				4A47A948F23C37ECDDF9545A /* [CP] Copy Pods Resources */,
			);
			buildRules = (
			);
			dependencies = (
			);
			name = CryptoTrackr;
			productName = CryptoTrackr;
			productReference = 84E121E41F14D25A003021B3 /* CryptoTrackr.app */;
			productType = "com.apple.product-type.application";
		};
/* End PBXNativeTarget section */

/* Begin PBXProject section */
		84E121DC1F14D25A003021B3 /* Project object */ = {
			isa = PBXProject;
			attributes = {
				LastSwiftUpdateCheck = 0830;
				LastUpgradeCheck = 0830;
				ORGANIZATIONNAME = "Kavilan Nair";
				TargetAttributes = {
					84E121E31F14D25A003021B3 = {
						CreatedOnToolsVersion = 8.3.3;
						DevelopmentTeam = BUJVSD6CDW;
						ProvisioningStyle = Automatic;
					};
				};
			};
			buildConfigurationList = 84E121DF1F14D25A003021B3 /* Build configuration list for PBXProject "CryptoTrackr" */;
			compatibilityVersion = "Xcode 3.2";
			developmentRegion = English;
			hasScannedForEncodings = 0;
			knownRegions = (
				en,
				Base,
			);
			mainGroup = 84E121DB1F14D25A003021B3;
			productRefGroup = 84E121E51F14D25A003021B3 /* Products */;
			projectDirPath = "";
			projectRoot = "";
			targets = (
				84E121E31F14D25A003021B3 /* CryptoTrackr */,
			);
		};
/* End PBXProject section */

/* Begin PBXResourcesBuildPhase section */
		84E121E21F14D25A003021B3 /* Resources */ = {
			isa = PBXResourcesBuildPhase;
			buildActionMask = 2147483647;
			files = (
				84E121F41F14D25A003021B3 /* LaunchScreen.storyboard in Resources */,
				84E121F11F14D25A003021B3 /* Assets.xcassets in Resources */,
				84E121EF1F14D25A003021B3 /* Main.storyboard in Resources */,
				846DAAF01F16B98F0072A9F4 /* GoogleService-Info.plist in Resources */,
			);
			runOnlyForDeploymentPostprocessing = 0;
		};
/* End PBXResourcesBuildPhase section */

/* Begin PBXShellScriptBuildPhase section */
		4A47A948F23C37ECDDF9545A /* [CP] Copy Pods Resources */ = {
			isa = PBXShellScriptBuildPhase;
			buildActionMask = 2147483647;
			files = (
			);
			inputPaths = (
			);
			name = "[CP] Copy Pods Resources";
			outputPaths = (
			);
			runOnlyForDeploymentPostprocessing = 0;
			shellPath = /bin/sh;
			shellScript = "\"${SRCROOT}/Pods/Target Support Files/Pods-CryptoTrackr/Pods-CryptoTrackr-resources.sh\"\n";
			showEnvVarsInLog = 0;
		};
		950636A360890C3DABCED932 /* [CP] Check Pods Manifest.lock */ = {
			isa = PBXShellScriptBuildPhase;
			buildActionMask = 2147483647;
			files = (
			);
			inputPaths = (
			);
			name = "[CP] Check Pods Manifest.lock";
			outputPaths = (
			);
			runOnlyForDeploymentPostprocessing = 0;
			shellPath = /bin/sh;
			shellScript = "diff \"${PODS_PODFILE_DIR_PATH}/Podfile.lock\" \"${PODS_ROOT}/Manifest.lock\" > /dev/null\nif [ $? != 0 ] ; then\n    # print error to STDERR\n    echo \"error: The sandbox is not in sync with the Podfile.lock. Run 'pod install' or update your CocoaPods installation.\" >&2\n    exit 1\nfi\n";
			showEnvVarsInLog = 0;
		};
		EFDF537CB095EF0CDA384A60 /* [CP] Embed Pods Frameworks */ = {
			isa = PBXShellScriptBuildPhase;
			buildActionMask = 2147483647;
			files = (
			);
			inputPaths = (
			);
			name = "[CP] Embed Pods Frameworks";
			outputPaths = (
			);
			runOnlyForDeploymentPostprocessing = 0;
			shellPath = /bin/sh;
			shellScript = "\"${SRCROOT}/Pods/Target Support Files/Pods-CryptoTrackr/Pods-CryptoTrackr-frameworks.sh\"\n";
			showEnvVarsInLog = 0;
		};
/* End PBXShellScriptBuildPhase section */

/* Begin PBXSourcesBuildPhase section */
		84E121E01F14D25A003021B3 /* Sources */ = {
			isa = PBXSourcesBuildPhase;
			buildActionMask = 2147483647;
			files = (
				84E121FE1F14D7BF003021B3 /* CoinOverviewTableViewController.swift in Sources */,
				84E122021F14FA36003021B3 /* CoinOverviewTableViewCell.swift in Sources */,
				84E121E81F14D25A003021B3 /* AppDelegate.swift in Sources */,
				84CB3EF41F16D7C30009F457 /* UserLoginViewController.swift in Sources */,
				84E121FC1F14D792003021B3 /* MyPortfolioOverviewTableViewController.swift in Sources */,
				846DAAEA1F1545F20072A9F4 /* CryptoModel.swift in Sources */,
			);
			runOnlyForDeploymentPostprocessing = 0;
		};
/* End PBXSourcesBuildPhase section */

/* Begin PBXVariantGroup section */
		84E121ED1F14D25A003021B3 /* Main.storyboard */ = {
			isa = PBXVariantGroup;
			children = (
				84E121EE1F14D25A003021B3 /* Base */,
			);
			name = Main.storyboard;
			sourceTree = "<group>";
		};
		84E121F21F14D25A003021B3 /* LaunchScreen.storyboard */ = {
			isa = PBXVariantGroup;
			children = (
				84E121F31F14D25A003021B3 /* Base */,
			);
			name = LaunchScreen.storyboard;
			sourceTree = "<group>";
		};
/* End PBXVariantGroup section */

/* Begin XCBuildConfiguration section */
		84E121F61F14D25A003021B3 /* Debug */ = {
			isa = XCBuildConfiguration;
			buildSettings = {
				ALWAYS_SEARCH_USER_PATHS = NO;
				CLANG_ANALYZER_NONNULL = YES;
				CLANG_ANALYZER_NUMBER_OBJECT_CONVERSION = YES_AGGRESSIVE;
				CLANG_CXX_LANGUAGE_STANDARD = "gnu++0x";
				CLANG_CXX_LIBRARY = "libc++";
				CLANG_ENABLE_MODULES = YES;
				CLANG_ENABLE_OBJC_ARC = YES;
				CLANG_WARN_BOOL_CONVERSION = YES;
				CLANG_WARN_CONSTANT_CONVERSION = YES;
				CLANG_WARN_DIRECT_OBJC_ISA_USAGE = YES_ERROR;
				CLANG_WARN_DOCUMENTATION_COMMENTS = YES;
				CLANG_WARN_EMPTY_BODY = YES;
				CLANG_WARN_ENUM_CONVERSION = YES;
				CLANG_WARN_INFINITE_RECURSION = YES;
				CLANG_WARN_INT_CONVERSION = YES;
				CLANG_WARN_OBJC_ROOT_CLASS = YES_ERROR;
				CLANG_WARN_SUSPICIOUS_MOVE = YES;
				CLANG_WARN_UNREACHABLE_CODE = YES;
				CLANG_WARN__DUPLICATE_METHOD_MATCH = YES;
				"CODE_SIGN_IDENTITY[sdk=iphoneos*]" = "iPhone Developer";
				COPY_PHASE_STRIP = NO;
				DEBUG_INFORMATION_FORMAT = dwarf;
				ENABLE_STRICT_OBJC_MSGSEND = YES;
				ENABLE_TESTABILITY = YES;
				GCC_C_LANGUAGE_STANDARD = gnu99;
				GCC_DYNAMIC_NO_PIC = NO;
				GCC_NO_COMMON_BLOCKS = YES;
				GCC_OPTIMIZATION_LEVEL = 0;
				GCC_PREPROCESSOR_DEFINITIONS = (
					"DEBUG=1",
					"$(inherited)",
				);
				GCC_WARN_64_TO_32_BIT_CONVERSION = YES;
				GCC_WARN_ABOUT_RETURN_TYPE = YES_ERROR;
				GCC_WARN_UNDECLARED_SELECTOR = YES;
				GCC_WARN_UNINITIALIZED_AUTOS = YES_AGGRESSIVE;
				GCC_WARN_UNUSED_FUNCTION = YES;
				GCC_WARN_UNUSED_VARIABLE = YES;
				IPHONEOS_DEPLOYMENT_TARGET = 10.3;
				MTL_ENABLE_DEBUG_INFO = YES;
				ONLY_ACTIVE_ARCH = YES;
				SDKROOT = iphoneos;
				SWIFT_ACTIVE_COMPILATION_CONDITIONS = DEBUG;
				SWIFT_OPTIMIZATION_LEVEL = "-Onone";
				TARGETED_DEVICE_FAMILY = "1,2";
			};
			name = Debug;
		};
		84E121F71F14D25A003021B3 /* Release */ = {
			isa = XCBuildConfiguration;
			buildSettings = {
				ALWAYS_SEARCH_USER_PATHS = NO;
				CLANG_ANALYZER_NONNULL = YES;
				CLANG_ANALYZER_NUMBER_OBJECT_CONVERSION = YES_AGGRESSIVE;
				CLANG_CXX_LANGUAGE_STANDARD = "gnu++0x";
				CLANG_CXX_LIBRARY = "libc++";
				CLANG_ENABLE_MODULES = YES;
				CLANG_ENABLE_OBJC_ARC = YES;
				CLANG_WARN_BOOL_CONVERSION = YES;
				CLANG_WARN_CONSTANT_CONVERSION = YES;
				CLANG_WARN_DIRECT_OBJC_ISA_USAGE = YES_ERROR;
				CLANG_WARN_DOCUMENTATION_COMMENTS = YES;
				CLANG_WARN_EMPTY_BODY = YES;
				CLANG_WARN_ENUM_CONVERSION = YES;
				CLANG_WARN_INFINITE_RECURSION = YES;
				CLANG_WARN_INT_CONVERSION = YES;
				CLANG_WARN_OBJC_ROOT_CLASS = YES_ERROR;
				CLANG_WARN_SUSPICIOUS_MOVE = YES;
				CLANG_WARN_UNREACHABLE_CODE = YES;
				CLANG_WARN__DUPLICATE_METHOD_MATCH = YES;
				"CODE_SIGN_IDENTITY[sdk=iphoneos*]" = "iPhone Developer";
				COPY_PHASE_STRIP = NO;
				DEBUG_INFORMATION_FORMAT = "dwarf-with-dsym";
				ENABLE_NS_ASSERTIONS = NO;
				ENABLE_STRICT_OBJC_MSGSEND = YES;
				GCC_C_LANGUAGE_STANDARD = gnu99;
				GCC_NO_COMMON_BLOCKS = YES;
				GCC_WARN_64_TO_32_BIT_CONVERSION = YES;
				GCC_WARN_ABOUT_RETURN_TYPE = YES_ERROR;
				GCC_WARN_UNDECLARED_SELECTOR = YES;
				GCC_WARN_UNINITIALIZED_AUTOS = YES_AGGRESSIVE;
				GCC_WARN_UNUSED_FUNCTION = YES;
				GCC_WARN_UNUSED_VARIABLE = YES;
				IPHONEOS_DEPLOYMENT_TARGET = 10.3;
				MTL_ENABLE_DEBUG_INFO = NO;
				SDKROOT = iphoneos;
				SWIFT_OPTIMIZATION_LEVEL = "-Owholemodule";
				TARGETED_DEVICE_FAMILY = "1,2";
				VALIDATE_PRODUCT = YES;
			};
			name = Release;
		};
		84E121F91F14D25A003021B3 /* Debug */ = {
			isa = XCBuildConfiguration;
			baseConfigurationReference = E05DE874FF184D4C9A1F1170 /* Pods-CryptoTrackr.debug.xcconfig */;
			buildSettings = {
				ASSETCATALOG_COMPILER_APPICON_NAME = AppIcon;
				DEVELOPMENT_TEAM = BUJVSD6CDW;
				INFOPLIST_FILE = CryptoTrackr/Info.plist;
				LD_RUNPATH_SEARCH_PATHS = "$(inherited) @executable_path/Frameworks";
				PRODUCT_BUNDLE_IDENTIFIER = "Kavilan-Nair.CryptoTrackr";
				PRODUCT_NAME = "$(TARGET_NAME)";
				SWIFT_VERSION = 3.0;
			};
			name = Debug;
		};
		84E121FA1F14D25A003021B3 /* Release */ = {
			isa = XCBuildConfiguration;
			baseConfigurationReference = 45FAEA49A4C6948058939FE9 /* Pods-CryptoTrackr.release.xcconfig */;
			buildSettings = {
				ASSETCATALOG_COMPILER_APPICON_NAME = AppIcon;
				DEVELOPMENT_TEAM = BUJVSD6CDW;
				INFOPLIST_FILE = CryptoTrackr/Info.plist;
				LD_RUNPATH_SEARCH_PATHS = "$(inherited) @executable_path/Frameworks";
				PRODUCT_BUNDLE_IDENTIFIER = "Kavilan-Nair.CryptoTrackr";
				PRODUCT_NAME = "$(TARGET_NAME)";
				SWIFT_VERSION = 3.0;
			};
			name = Release;
		};
/* End XCBuildConfiguration section */

/* Begin XCConfigurationList section */
		84E121DF1F14D25A003021B3 /* Build configuration list for PBXProject "CryptoTrackr" */ = {
			isa = XCConfigurationList;
			buildConfigurations = (
				84E121F61F14D25A003021B3 /* Debug */,
				84E121F71F14D25A003021B3 /* Release */,
			);
			defaultConfigurationIsVisible = 0;
			defaultConfigurationName = Release;
		};
		84E121F81F14D25A003021B3 /* Build configuration list for PBXNativeTarget "CryptoTrackr" */ = {
			isa = XCConfigurationList;
			buildConfigurations = (
				84E121F91F14D25A003021B3 /* Debug */,
				84E121FA1F14D25A003021B3 /* Release */,
			);
			defaultConfigurationIsVisible = 0;
			defaultConfigurationName = Release;
		};
/* End XCConfigurationList section */
	};
	rootObject = 84E121DC1F14D25A003021B3 /* Project object */;
}
